// !$*UTF8*$!
{
	archiveVersion = 1;
	classes = {
	};
	objectVersion = 55;
	objects = {

/* Begin PBXBuildFile section */
		0F6FB8B729472CFF0030ECCD /* boundApp.swift in Sources */ = {isa = PBXBuildFile; fileRef = 0F6FB8B629472CFF0030ECCD /* boundApp.swift */; };
		0F6FB8B929472CFF0030ECCD /* ContentView.swift in Sources */ = {isa = PBXBuildFile; fileRef = 0F6FB8B829472CFF0030ECCD /* ContentView.swift */; };
		0F6FB8BB29472D030030ECCD /* Assets.xcassets in Resources */ = {isa = PBXBuildFile; fileRef = 0F6FB8BA29472D030030ECCD /* Assets.xcassets */; };
		0F6FB8BE29472D030030ECCD /* Preview Assets.xcassets in Resources */ = {isa = PBXBuildFile; fileRef = 0F6FB8BD29472D030030ECCD /* Preview Assets.xcassets */; };
		0F6FB8C829472D030030ECCD /* boundTests.swift in Sources */ = {isa = PBXBuildFile; fileRef = 0F6FB8C729472D030030ECCD /* boundTests.swift */; };
		0F6FB8D229472D030030ECCD /* boundUITests.swift in Sources */ = {isa = PBXBuildFile; fileRef = 0F6FB8D129472D030030ECCD /* boundUITests.swift */; };
		0F6FB8D429472D030030ECCD /* boundUITestsLaunchTests.swift in Sources */ = {isa = PBXBuildFile; fileRef = 0F6FB8D329472D030030ECCD /* boundUITestsLaunchTests.swift */; };
/* End PBXBuildFile section */

/* Begin PBXContainerItemProxy section */
		0F6FB8C429472D030030ECCD /* PBXContainerItemProxy */ = {
			isa = PBXContainerItemProxy;
			containerPortal = 0F6FB8AB29472CFF0030ECCD /* Project object */;
			proxyType = 1;
			remoteGlobalIDString = 0F6FB8B229472CFF0030ECCD;
			remoteInfo = bound;
		};
		0F6FB8CE29472D030030ECCD /* PBXContainerItemProxy */ = {
			isa = PBXContainerItemProxy;
			containerPortal = 0F6FB8AB29472CFF0030ECCD /* Project object */;
			proxyType = 1;
			remoteGlobalIDString = 0F6FB8B229472CFF0030ECCD;
			remoteInfo = bound;
		};
/* End PBXContainerItemProxy section */

/* Begin PBXFileReference section */
		0F6FB8B329472CFF0030ECCD /* bound.app */ = {isa = PBXFileReference; explicitFileType = wrapper.application; includeInIndex = 0; path = bound.app; sourceTree = BUILT_PRODUCTS_DIR; };
		0F6FB8B629472CFF0030ECCD /* boundApp.swift */ = {isa = PBXFileReference; lastKnownFileType = sourcecode.swift; path = boundApp.swift; sourceTree = "<group>"; };
		0F6FB8B829472CFF0030ECCD /* ContentView.swift */ = {isa = PBXFileReference; lastKnownFileType = sourcecode.swift; path = ContentView.swift; sourceTree = "<group>"; };
		0F6FB8BA29472D030030ECCD /* Assets.xcassets */ = {isa = PBXFileReference; lastKnownFileType = folder.assetcatalog; path = Assets.xcassets; sourceTree = "<group>"; };
		0F6FB8BD29472D030030ECCD /* Preview Assets.xcassets */ = {isa = PBXFileReference; lastKnownFileType = folder.assetcatalog; path = "Preview Assets.xcassets"; sourceTree = "<group>"; };
		0F6FB8C329472D030030ECCD /* boundTests.xctest */ = {isa = PBXFileReference; explicitFileType = wrapper.cfbundle; includeInIndex = 0; path = boundTests.xctest; sourceTree = BUILT_PRODUCTS_DIR; };
		0F6FB8C729472D030030ECCD /* boundTests.swift */ = {isa = PBXFileReference; lastKnownFileType = sourcecode.swift; path = boundTests.swift; sourceTree = "<group>"; };
		0F6FB8CD29472D030030ECCD /* boundUITests.xctest */ = {isa = PBXFileReference; explicitFileType = wrapper.cfbundle; includeInIndex = 0; path = boundUITests.xctest; sourceTree = BUILT_PRODUCTS_DIR; };
		0F6FB8D129472D030030ECCD /* boundUITests.swift */ = {isa = PBXFileReference; lastKnownFileType = sourcecode.swift; path = boundUITests.swift; sourceTree = "<group>"; };
		0F6FB8D329472D030030ECCD /* boundUITestsLaunchTests.swift */ = {isa = PBXFileReference; lastKnownFileType = sourcecode.swift; path = boundUITestsLaunchTests.swift; sourceTree = "<group>"; };
/* End PBXFileReference section */

/* Begin PBXFrameworksBuildPhase section */
		0F6FB8B029472CFF0030ECCD /* Frameworks */ = {
			isa = PBXFrameworksBuildPhase;
			buildActionMask = 2147483647;
			files = (
			);
			runOnlyForDeploymentPostprocessing = 0;
		};
		0F6FB8C029472D030030ECCD /* Frameworks */ = {
			isa = PBXFrameworksBuildPhase;
			buildActionMask = 2147483647;
			files = (
			);
			runOnlyForDeploymentPostprocessing = 0;
		};
		0F6FB8CA29472D030030ECCD /* Frameworks */ = {
			isa = PBXFrameworksBuildPhase;
			buildActionMask = 2147483647;
			files = (
			);
			runOnlyForDeploymentPostprocessing = 0;
		};
/* End PBXFrameworksBuildPhase section */

/* Begin PBXGroup section */
		0F6FB8AA29472CFF0030ECCD = {
			isa = PBXGroup;
			children = (
				0F6FB8B529472CFF0030ECCD /* bound */,
				0F6FB8C629472D030030ECCD /* boundTests */,
				0F6FB8D029472D030030ECCD /* boundUITests */,
				0F6FB8B429472CFF0030ECCD /* Products */,
			);
			sourceTree = "<group>";
		};
		0F6FB8B429472CFF0030ECCD /* Products */ = {
			isa = PBXGroup;
			children = (
				0F6FB8B329472CFF0030ECCD /* bound.app */,
				0F6FB8C329472D030030ECCD /* boundTests.xctest */,
				0F6FB8CD29472D030030ECCD /* boundUITests.xctest */,
			);
			name = Products;
			sourceTree = "<group>";
		};
		0F6FB8B529472CFF0030ECCD /* bound */ = {
			isa = PBXGroup;
			children = (
				0F6FB8B629472CFF0030ECCD /* boundApp.swift */,
				0F6FB8B829472CFF0030ECCD /* ContentView.swift */,
				0F6FB8BA29472D030030ECCD /* Assets.xcassets */,
				0F6FB8BC29472D030030ECCD /* Preview Content */,
			);
			path = bound;
			sourceTree = "<group>";
		};
		0F6FB8BC29472D030030ECCD /* Preview Content */ = {
			isa = PBXGroup;
			children = (
				0F6FB8BD29472D030030ECCD /* Preview Assets.xcassets */,
			);
			path = "Preview Content";
			sourceTree = "<group>";
		};
		0F6FB8C629472D030030ECCD /* boundTests */ = {
			isa = PBXGroup;
			children = (
				0F6FB8C729472D030030ECCD /* boundTests.swift */,
			);
			path = boundTests;
			sourceTree = "<group>";
		};
		0F6FB8D029472D030030ECCD /* boundUITests */ = {
			isa = PBXGroup;
			children = (
				0F6FB8D129472D030030ECCD /* boundUITests.swift */,
				0F6FB8D329472D030030ECCD /* boundUITestsLaunchTests.swift */,
			);
			path = boundUITests;
			sourceTree = "<group>";
		};
/* End PBXGroup section */

/* Begin PBXNativeTarget section */
		0F6FB8B229472CFF0030ECCD /* bound */ = {
			isa = PBXNativeTarget;
			buildConfigurationList = 0F6FB8D729472D030030ECCD /* Build configuration list for PBXNativeTarget "bound" */;
			buildPhases = (
				0F6FB8AF29472CFF0030ECCD /* Sources */,
				0F6FB8B029472CFF0030ECCD /* Frameworks */,
				0F6FB8B129472CFF0030ECCD /* Resources */,
			);
			buildRules = (
			);
			dependencies = (
			);
			name = bound;
			productName = bound;
			productReference = 0F6FB8B329472CFF0030ECCD /* bound.app */;
			productType = "com.apple.product-type.application";
		};
		0F6FB8C229472D030030ECCD /* boundTests */ = {
			isa = PBXNativeTarget;
			buildConfigurationList = 0F6FB8DA29472D030030ECCD /* Build configuration list for PBXNativeTarget "boundTests" */;
			buildPhases = (
				0F6FB8BF29472D030030ECCD /* Sources */,
				0F6FB8C029472D030030ECCD /* Frameworks */,
				0F6FB8C129472D030030ECCD /* Resources */,
			);
			buildRules = (
			);
			dependencies = (
				0F6FB8C529472D030030ECCD /* PBXTargetDependency */,
			);
			name = boundTests;
			productName = boundTests;
			productReference = 0F6FB8C329472D030030ECCD /* boundTests.xctest */;
			productType = "com.apple.product-type.bundle.unit-test";
		};
		0F6FB8CC29472D030030ECCD /* boundUITests */ = {
			isa = PBXNativeTarget;
			buildConfigurationList = 0F6FB8DD29472D030030ECCD /* Build configuration list for PBXNativeTarget "boundUITests" */;
			buildPhases = (
				0F6FB8C929472D030030ECCD /* Sources */,
				0F6FB8CA29472D030030ECCD /* Frameworks */,
				0F6FB8CB29472D030030ECCD /* Resources */,
			);
			buildRules = (
			);
			dependencies = (
				0F6FB8CF29472D030030ECCD /* PBXTargetDependency */,
			);
			name = boundUITests;
			productName = boundUITests;
			productReference = 0F6FB8CD29472D030030ECCD /* boundUITests.xctest */;
			productType = "com.apple.product-type.bundle.ui-testing";
		};
/* End PBXNativeTarget section */

/* Begin PBXProject section */
		0F6FB8AB29472CFF0030ECCD /* Project object */ = {
			isa = PBXProject;
			attributes = {
				BuildIndependentTargetsInParallel = 1;
				LastSwiftUpdateCheck = 1330;
				LastUpgradeCheck = 1330;
				TargetAttributes = {
					0F6FB8B229472CFF0030ECCD = {
						CreatedOnToolsVersion = 13.3;
					};
					0F6FB8C229472D030030ECCD = {
						CreatedOnToolsVersion = 13.3;
						TestTargetID = 0F6FB8B229472CFF0030ECCD;
					};
					0F6FB8CC29472D030030ECCD = {
						CreatedOnToolsVersion = 13.3;
						TestTargetID = 0F6FB8B229472CFF0030ECCD;
					};
				};
			};
			buildConfigurationList = 0F6FB8AE29472CFF0030ECCD /* Build configuration list for PBXProject "bound" */;
			compatibilityVersion = "Xcode 13.0";
			developmentRegion = en;
			hasScannedForEncodings = 0;
			knownRegions = (
				en,
				Base,
			);
			mainGroup = 0F6FB8AA29472CFF0030ECCD;
			productRefGroup = 0F6FB8B429472CFF0030ECCD /* Products */;
			projectDirPath = "";
			projectRoot = "";
			targets = (
				0F6FB8B229472CFF0030ECCD /* bound */,
				0F6FB8C229472D030030ECCD /* boundTests */,
				0F6FB8CC29472D030030ECCD /* boundUITests */,
			);
		};
/* End PBXProject section */

/* Begin PBXResourcesBuildPhase section */
		0F6FB8B129472CFF0030ECCD /* Resources */ = {
			isa = PBXResourcesBuildPhase;
			buildActionMask = 2147483647;
			files = (
				0F6FB8BE29472D030030ECCD /* Preview Assets.xcassets in Resources */,
				0F6FB8BB29472D030030ECCD /* Assets.xcassets in Resources */,
			);
			runOnlyForDeploymentPostprocessing = 0;
		};
		0F6FB8C129472D030030ECCD /* Resources */ = {
			isa = PBXResourcesBuildPhase;
			buildActionMask = 2147483647;
			files = (
			);
			runOnlyForDeploymentPostprocessing = 0;
		};
		0F6FB8CB29472D030030ECCD /* Resources */ = {
			isa = PBXResourcesBuildPhase;
			buildActionMask = 2147483647;
			files = (
			);
			runOnlyForDeploymentPostprocessing = 0;
		};
/* End PBXResourcesBuildPhase section */

/* Begin PBXSourcesBuildPhase section */
		0F6FB8AF29472CFF0030ECCD /* Sources */ = {
			isa = PBXSourcesBuildPhase;
			buildActionMask = 2147483647;
			files = (
				0F6FB8B929472CFF0030ECCD /* ContentView.swift in Sources */,
				0F6FB8B729472CFF0030ECCD /* boundApp.swift in Sources */,
			);
			runOnlyForDeploymentPostprocessing = 0;
		};
		0F6FB8BF29472D030030ECCD /* Sources */ = {
			isa = PBXSourcesBuildPhase;
			buildActionMask = 2147483647;
			files = (
				0F6FB8C829472D030030ECCD /* boundTests.swift in Sources */,
			);
			runOnlyForDeploymentPostprocessing = 0;
		};
		0F6FB8C929472D030030ECCD /* Sources */ = {
			isa = PBXSourcesBuildPhase;
			buildActionMask = 2147483647;
			files = (
				0F6FB8D229472D030030ECCD /* boundUITests.swift in Sources */,
				0F6FB8D429472D030030ECCD /* boundUITestsLaunchTests.swift in Sources */,
			);
			runOnlyForDeploymentPostprocessing = 0;
		};
/* End PBXSourcesBuildPhase section */

/* Begin PBXTargetDependency section */
		0F6FB8C529472D030030ECCD /* PBXTargetDependency */ = {
			isa = PBXTargetDependency;
			target = 0F6FB8B229472CFF0030ECCD /* bound */;
			targetProxy = 0F6FB8C429472D030030ECCD /* PBXContainerItemProxy */;
		};
		0F6FB8CF29472D030030ECCD /* PBXTargetDependency */ = {
			isa = PBXTargetDependency;
			target = 0F6FB8B229472CFF0030ECCD /* bound */;
			targetProxy = 0F6FB8CE29472D030030ECCD /* PBXContainerItemProxy */;
		};
/* End PBXTargetDependency section */

/* Begin XCBuildConfiguration section */
		0F6FB8D529472D030030ECCD /* Debug */ = {
			isa = XCBuildConfiguration;
			buildSettings = {
				ALWAYS_SEARCH_USER_PATHS = NO;
				CLANG_ANALYZER_NONNULL = YES;
				CLANG_ANALYZER_NUMBER_OBJECT_CONVERSION = YES_AGGRESSIVE;
				CLANG_CXX_LANGUAGE_STANDARD = "gnu++17";
				CLANG_ENABLE_MODULES = YES;
				CLANG_ENABLE_OBJC_ARC = YES;
				CLANG_ENABLE_OBJC_WEAK = YES;
				CLANG_WARN_BLOCK_CAPTURE_AUTORELEASING = YES;
				CLANG_WARN_BOOL_CONVERSION = YES;
				CLANG_WARN_COMMA = YES;
				CLANG_WARN_CONSTANT_CONVERSION = YES;
				CLANG_WARN_DEPRECATED_OBJC_IMPLEMENTATIONS = YES;
				CLANG_WARN_DIRECT_OBJC_ISA_USAGE = YES_ERROR;
				CLANG_WARN_DOCUMENTATION_COMMENTS = YES;
				CLANG_WARN_EMPTY_BODY = YES;
				CLANG_WARN_ENUM_CONVERSION = YES;
				CLANG_WARN_INFINITE_RECURSION = YES;
				CLANG_WARN_INT_CONVERSION = YES;
				CLANG_WARN_NON_LITERAL_NULL_CONVERSION = YES;
				CLANG_WARN_OBJC_IMPLICIT_RETAIN_SELF = YES;
				CLANG_WARN_OBJC_LITERAL_CONVERSION = YES;
				CLANG_WARN_OBJC_ROOT_CLASS = YES_ERROR;
				CLANG_WARN_QUOTED_INCLUDE_IN_FRAMEWORK_HEADER = YES;
				CLANG_WARN_RANGE_LOOP_ANALYSIS = YES;
				CLANG_WARN_STRICT_PROTOTYPES = YES;
				CLANG_WARN_SUSPICIOUS_MOVE = YES;
				CLANG_WARN_UNGUARDED_AVAILABILITY = YES_AGGRESSIVE;
				CLANG_WARN_UNREACHABLE_CODE = YES;
				CLANG_WARN__DUPLICATE_METHOD_MATCH = YES;
				COPY_PHASE_STRIP = NO;
				DEBUG_INFORMATION_FORMAT = dwarf;
				ENABLE_STRICT_OBJC_MSGSEND = YES;
				ENABLE_TESTABILITY = YES;
				GCC_C_LANGUAGE_STANDARD = gnu11;
				GCC_DYNAMIC_NO_PIC = NO;
				GCC_NO_COMMON_BLOCKS = YES;
				GCC_OPTIMIZATION_LEVEL = 0;
				GCC_PREPROCESSOR_DEFINITIONS = (
					"DEBUG=1",
					"$(inherited)",
				);
				GCC_WARN_64_TO_32_BIT_CONVERSION = YES;
				GCC_WARN_ABOUT_RETURN_TYPE = YES_ERROR;
				GCC_WARN_UNDECLARED_SELECTOR = YES;
				GCC_WARN_UNINITIALIZED_AUTOS = YES_AGGRESSIVE;
				GCC_WARN_UNUSED_FUNCTION = YES;
				GCC_WARN_UNUSED_VARIABLE = YES;
				IPHONEOS_DEPLOYMENT_TARGET = 15.4;
				MTL_ENABLE_DEBUG_INFO = INCLUDE_SOURCE;
				MTL_FAST_MATH = YES;
				ONLY_ACTIVE_ARCH = YES;
				SDKROOT = iphoneos;
				SWIFT_ACTIVE_COMPILATION_CONDITIONS = DEBUG;
				SWIFT_OPTIMIZATION_LEVEL = "-Onone";
			};
			name = Debug;
		};
		0F6FB8D629472D030030ECCD /* Release */ = {
			isa = XCBuildConfiguration;
			buildSettings = {
				ALWAYS_SEARCH_USER_PATHS = NO;
				CLANG_ANALYZER_NONNULL = YES;
				CLANG_ANALYZER_NUMBER_OBJECT_CONVERSION = YES_AGGRESSIVE;
				CLANG_CXX_LANGUAGE_STANDARD = "gnu++17";
				CLANG_ENABLE_MODULES = YES;
				CLANG_ENABLE_OBJC_ARC = YES;
				CLANG_ENABLE_OBJC_WEAK = YES;
				CLANG_WARN_BLOCK_CAPTURE_AUTORELEASING = YES;
				CLANG_WARN_BOOL_CONVERSION = YES;
				CLANG_WARN_COMMA = YES;
				CLANG_WARN_CONSTANT_CONVERSION = YES;
				CLANG_WARN_DEPRECATED_OBJC_IMPLEMENTATIONS = YES;
				CLANG_WARN_DIRECT_OBJC_ISA_USAGE = YES_ERROR;
				CLANG_WARN_DOCUMENTATION_COMMENTS = YES;
				CLANG_WARN_EMPTY_BODY = YES;
				CLANG_WARN_ENUM_CONVERSION = YES;
				CLANG_WARN_INFINITE_RECURSION = YES;
				CLANG_WARN_INT_CONVERSION = YES;
				CLANG_WARN_NON_LITERAL_NULL_CONVERSION = YES;
				CLANG_WARN_OBJC_IMPLICIT_RETAIN_SELF = YES;
				CLANG_WARN_OBJC_LITERAL_CONVERSION = YES;
				CLANG_WARN_OBJC_ROOT_CLASS = YES_ERROR;
				CLANG_WARN_QUOTED_INCLUDE_IN_FRAMEWORK_HEADER = YES;
				CLANG_WARN_RANGE_LOOP_ANALYSIS = YES;
				CLANG_WARN_STRICT_PROTOTYPES = YES;
				CLANG_WARN_SUSPICIOUS_MOVE = YES;
				CLANG_WARN_UNGUARDED_AVAILABILITY = YES_AGGRESSIVE;
				CLANG_WARN_UNREACHABLE_CODE = YES;
				CLANG_WARN__DUPLICATE_METHOD_MATCH = YES;
				COPY_PHASE_STRIP = NO;
				DEBUG_INFORMATION_FORMAT = "dwarf-with-dsym";
				ENABLE_NS_ASSERTIONS = NO;
				ENABLE_STRICT_OBJC_MSGSEND = YES;
				GCC_C_LANGUAGE_STANDARD = gnu11;
				GCC_NO_COMMON_BLOCKS = YES;
				GCC_WARN_64_TO_32_BIT_CONVERSION = YES;
				GCC_WARN_ABOUT_RETURN_TYPE = YES_ERROR;
				GCC_WARN_UNDECLARED_SELECTOR = YES;
				GCC_WARN_UNINITIALIZED_AUTOS = YES_AGGRESSIVE;
				GCC_WARN_UNUSED_FUNCTION = YES;
				GCC_WARN_UNUSED_VARIABLE = YES;
				IPHONEOS_DEPLOYMENT_TARGET = 15.4;
				MTL_ENABLE_DEBUG_INFO = NO;
				MTL_FAST_MATH = YES;
				SDKROOT = iphoneos;
				SWIFT_COMPILATION_MODE = wholemodule;
				SWIFT_OPTIMIZATION_LEVEL = "-O";
				VALIDATE_PRODUCT = YES;
			};
			name = Release;
		};
		0F6FB8D829472D030030ECCD /* Debug */ = {
			isa = XCBuildConfiguration;
			buildSettings = {
				ASSETCATALOG_COMPILER_APPICON_NAME = AppIcon;
				ASSETCATALOG_COMPILER_GLOBAL_ACCENT_COLOR_NAME = AccentColor;
				CODE_SIGN_STYLE = Automatic;
				CURRENT_PROJECT_VERSION = 1;
				DEVELOPMENT_ASSET_PATHS = "\"bound/Preview Content\"";
				ENABLE_PREVIEWS = YES;
				GENERATE_INFOPLIST_FILE = YES;
				INFOPLIST_KEY_UIApplicationSceneManifest_Generation = YES;
				INFOPLIST_KEY_UIApplicationSupportsIndirectInputEvents = YES;
				INFOPLIST_KEY_UILaunchScreen_Generation = YES;
				INFOPLIST_KEY_UISupportedInterfaceOrientations_iPad = "UIInterfaceOrientationPortrait UIInterfaceOrientationPortraitUpsideDown UIInterfaceOrientationLandscapeLeft UIInterfaceOrientationLandscapeRight";
				INFOPLIST_KEY_UISupportedInterfaceOrientations_iPhone = "UIInterfaceOrientationPortrait UIInterfaceOrientationLandscapeLeft UIInterfaceOrientationLandscapeRight";
				LD_RUNPATH_SEARCH_PATHS = (
					"$(inherited)",
					"@executable_path/Frameworks",
				);
				MARKETING_VERSION = 1.0;
				PRODUCT_BUNDLE_IDENTIFIER = "jp.mode-co.bound";
				PRODUCT_NAME = "$(TARGET_NAME)";
				SWIFT_EMIT_LOC_STRINGS = YES;
				SWIFT_VERSION = 5.0;
				TARGETED_DEVICE_FAMILY = "1,2";
			};
			name = Debug;
		};
		0F6FB8D929472D030030ECCD /* Release */ = {
			isa = XCBuildConfiguration;
			buildSettings = {
				ASSETCATALOG_COMPILER_APPICON_NAME = AppIcon;
				ASSETCATALOG_COMPILER_GLOBAL_ACCENT_COLOR_NAME = AccentColor;
				CODE_SIGN_STYLE = Automatic;
				CURRENT_PROJECT_VERSION = 1;
				DEVELOPMENT_ASSET_PATHS = "\"bound/Preview Content\"";
				ENABLE_PREVIEWS = YES;
				GENERATE_INFOPLIST_FILE = YES;
				INFOPLIST_KEY_UIApplicationSceneManifest_Generation = YES;
				INFOPLIST_KEY_UIApplicationSupportsIndirectInputEvents = YES;
				INFOPLIST_KEY_UILaunchScreen_Generation = YES;
				INFOPLIST_KEY_UISupportedInterfaceOrientations_iPad = "UIInterfaceOrientationPortrait UIInterfaceOrientationPortraitUpsideDown UIInterfaceOrientationLandscapeLeft UIInterfaceOrientationLandscapeRight";
				INFOPLIST_KEY_UISupportedInterfaceOrientations_iPhone = "UIInterfaceOrientationPortrait UIInterfaceOrientationLandscapeLeft UIInterfaceOrientationLandscapeRight";
				LD_RUNPATH_SEARCH_PATHS = (
					"$(inherited)",
					"@executable_path/Frameworks",
				);
				MARKETING_VERSION = 1.0;
				PRODUCT_BUNDLE_IDENTIFIER = "jp.mode-co.bound";
				PRODUCT_NAME = "$(TARGET_NAME)";
				SWIFT_EMIT_LOC_STRINGS = YES;
				SWIFT_VERSION = 5.0;
				TARGETED_DEVICE_FAMILY = "1,2";
			};
			name = Release;
		};
		0F6FB8DB29472D030030ECCD /* Debug */ = {
			isa = XCBuildConfiguration;
			buildSettings = {
				ALWAYS_EMBED_SWIFT_STANDARD_LIBRARIES = YES;
				BUNDLE_LOADER = "$(TEST_HOST)";
				CODE_SIGN_STYLE = Automatic;
				CURRENT_PROJECT_VERSION = 1;
				GENERATE_INFOPLIST_FILE = YES;
				IPHONEOS_DEPLOYMENT_TARGET = 15.4;
				MARKETING_VERSION = 1.0;
				PRODUCT_BUNDLE_IDENTIFIER = "jp.mode-co.boundTests";
				PRODUCT_NAME = "$(TARGET_NAME)";
				SWIFT_EMIT_LOC_STRINGS = NO;
				SWIFT_VERSION = 5.0;
				TARGETED_DEVICE_FAMILY = "1,2";
				TEST_HOST = "$(BUILT_PRODUCTS_DIR)/bound.app/bound";
			};
			name = Debug;
		};
		0F6FB8DC29472D030030ECCD /* Release */ = {
			isa = XCBuildConfiguration;
			buildSettings = {
				ALWAYS_EMBED_SWIFT_STANDARD_LIBRARIES = YES;
				BUNDLE_LOADER = "$(TEST_HOST)";
				CODE_SIGN_STYLE = Automatic;
				CURRENT_PROJECT_VERSION = 1;
				GENERATE_INFOPLIST_FILE = YES;
				IPHONEOS_DEPLOYMENT_TARGET = 15.4;
				MARKETING_VERSION = 1.0;
				PRODUCT_BUNDLE_IDENTIFIER = "jp.mode-co.boundTests";
				PRODUCT_NAME = "$(TARGET_NAME)";
				SWIFT_EMIT_LOC_STRINGS = NO;
				SWIFT_VERSION = 5.0;
				TARGETED_DEVICE_FAMILY = "1,2";
				TEST_HOST = "$(BUILT_PRODUCTS_DIR)/bound.app/bound";
			};
			name = Release;
		};
		0F6FB8DE29472D030030ECCD /* Debug */ = {
			isa = XCBuildConfiguration;
			buildSettings = {
				ALWAYS_EMBED_SWIFT_STANDARD_LIBRARIES = YES;
				CODE_SIGN_STYLE = Automatic;
				CURRENT_PROJECT_VERSION = 1;
				GENERATE_INFOPLIST_FILE = YES;
				MARKETING_VERSION = 1.0;
				PRODUCT_BUNDLE_IDENTIFIER = "jp.mode-co.boundUITests";
				PRODUCT_NAME = "$(TARGET_NAME)";
				SWIFT_EMIT_LOC_STRINGS = NO;
				SWIFT_VERSION = 5.0;
				TARGETED_DEVICE_FAMILY = "1,2";
				TEST_TARGET_NAME = bound;
			};
			name = Debug;
		};
		0F6FB8DF29472D030030ECCD /* Release */ = {
			isa = XCBuildConfiguration;
			buildSettings = {
				ALWAYS_EMBED_SWIFT_STANDARD_LIBRARIES = YES;
				CODE_SIGN_STYLE = Automatic;
				CURRENT_PROJECT_VERSION = 1;
				GENERATE_INFOPLIST_FILE = YES;
				MARKETING_VERSION = 1.0;
				PRODUCT_BUNDLE_IDENTIFIER = "jp.mode-co.boundUITests";
				PRODUCT_NAME = "$(TARGET_NAME)";
				SWIFT_EMIT_LOC_STRINGS = NO;
				SWIFT_VERSION = 5.0;
				TARGETED_DEVICE_FAMILY = "1,2";
				TEST_TARGET_NAME = bound;
			};
			name = Release;
		};
/* End XCBuildConfiguration section */

/* Begin XCConfigurationList section */
		0F6FB8AE29472CFF0030ECCD /* Build configuration list for PBXProject "bound" */ = {
			isa = XCConfigurationList;
			buildConfigurations = (
				0F6FB8D529472D030030ECCD /* Debug */,
				0F6FB8D629472D030030ECCD /* Release */,
			);
			defaultConfigurationIsVisible = 0;
			defaultConfigurationName = Release;
		};
		0F6FB8D729472D030030ECCD /* Build configuration list for PBXNativeTarget "bound" */ = {
			isa = XCConfigurationList;
			buildConfigurations = (
				0F6FB8D829472D030030ECCD /* Debug */,
				0F6FB8D929472D030030ECCD /* Release */,
			);
			defaultConfigurationIsVisible = 0;
			defaultConfigurationName = Release;
		};
		0F6FB8DA29472D030030ECCD /* Build configuration list for PBXNativeTarget "boundTests" */ = {
			isa = XCConfigurationList;
			buildConfigurations = (
				0F6FB8DB29472D030030ECCD /* Debug */,
				0F6FB8DC29472D030030ECCD /* Release */,
			);
			defaultConfigurationIsVisible = 0;
			defaultConfigurationName = Release;
		};
		0F6FB8DD29472D030030ECCD /* Build configuration list for PBXNativeTarget "boundUITests" */ = {
			isa = XCConfigurationList;
			buildConfigurations = (
				0F6FB8DE29472D030030ECCD /* Debug */,
				0F6FB8DF29472D030030ECCD /* Release */,
			);
			defaultConfigurationIsVisible = 0;
			defaultConfigurationName = Release;
		};
/* End XCConfigurationList section */
	};
	rootObject = 0F6FB8AB29472CFF0030ECCD /* Project object */;
}
